# This file is automatically @generated by Poetry and should not be changed by hand.
# Trimmed sample committed as a regression fixture for PoetryLockSource.

[[package]]
name = "click"
version = "8.1.7"
description = "Composable command line interface toolkit"
optional = false
python-versions = ">=3.7"
groups = ["main"]
files = [
    {file = "click-8.1.7-py3-none-any.whl", hash = "sha256:ae74fb96c20a0277a1d615f1e4d73c5f5e7e6c5e93c1c3d4a2ad4c8e2f7d9e2"},
    {file = "click-8.1.7.tar.gz", hash = "sha256:ca9853ad459e787e2192211578cc907e7594e294c7ccc834310722b41b9ca6de"},
]

[package.dependencies]
colorama = {version = "*", markers = "platform_system == \"Windows\""}

[[package]]
name = "colorama"
version = "0.4.6"
description = "Cross-platform colored terminal text."
optional = false
python-versions = "!=3.0.*,!=3.1.*,!=3.2.*,!=3.3.*,!=3.4.*,!=3.5.*,!=3.6.*,>=2.7"
groups = ["main"]
markers = "platform_system == \"Windows\""
files = [
    {file = "colorama-0.4.6-py2.py3-none-any.whl", hash = "sha256:4f1d9991f5acc0ca119f9d443620b77f9d6b33703e51011c16baf57759c2e7d"},
    {file = "colorama-0.4.6.tar.gz", hash = "sha256:08695f5cb7ed6e0531a20572697297273c47b8cae5a63ffc6d6ed5c201be6e44"},
]

[[package]]
name = "shared-pkg"
version = "1.5.0"
description = "Pulled in by both main and dev"
optional = false
python-versions = ">=3.8"
groups = ["main", "dev"]
files = [
    {file = "shared_pkg-1.5.0-py3-none-any.whl", hash = "sha256:aaaa1111"},
]

[[package]]
name = "ipython"
version = "8.28.0"
description = "IPython: Productive Interactive Computing"
optional = false
python-versions = ">=3.10"
groups = ["dev"]
files = [
    {file = "ipython-8.28.0-py3-none-any.whl", hash = "sha256:bbbb2222"},
]

[[package]]
name = "pytest"
version = "8.3.3"
description = "pytest: simple powerful testing"
optional = false
python-versions = ">=3.8"
groups = ["test"]
files = [
    {file = "pytest-8.3.3-py3-none-any.whl", hash = "sha256:cccc3333"},
]

[[package]]
name = "git-pkg"
version = "0.1.0"
description = "Sample git-source dependency"
optional = false
python-versions = ">=3.8"
groups = ["main"]

[package.source]
type = "git"
url = "https://github.com/example/git-pkg.git"
reference = "main"
resolved_reference = "abc123def456789"

[metadata]
lock-version = "2.1"
python-versions = ">=3.10"
content-hash = "0000000000000000000000000000000000000000000000000000000000000000"
